
Microsoft Visual Studio Solution File, Format Version 12.00
# Visual Studio Version 17
VisualStudioVersion = 17.4.33213.308
MinimumVisualStudioVersion = 10.0.40219.1
Project("{FAE04EC0-301F-11D3-BF4B-00C04F79EFBC}") = "CalculateVAT", "CalculateVAT.csproj", "{C88C3D28-B3D6-4C3C-BF2E-A96BC2C04A8D}"
EndProject
Global
	GlobalSection(SolutionConfigurationPlatforms) = preSolution
		Debug|Any CPU = Debug|Any CPU
		Release|Any CPU = Release|Any CPU
	EndGlobalSection
	GlobalSection(ProjectConfigurationPlatforms) = postSolution
		{C88C3D28-B3D6-4C3C-BF2E-A96BC2C04A8D}.Debug|Any CPU.ActiveCfg = Debug|Any CPU
		{C88C3D28-B3D6-4C3C-BF2E-A96BC2C04A8D}.Debug|Any CPU.Build.0 = Debug|Any CPU
		{C88C3D28-B3D6-4C3C-BF2E-A96BC2C04A8D}.Release|Any CPU.ActiveCfg = Release|Any CPU
		{C88C3D28-B3D6-4C3C-BF2E-A96BC2C04A8D}.Release|Any CPU.Build.0 = Release|Any CPU
	EndGlobalSection
	GlobalSection(SolutionProperties) = preSolution
		HideSolutionNode = FALSE
	EndGlobalSection
	GlobalSection(ExtensibilityGlobals) = postSolution
		SolutionGuid = {0B912665-5EA7-48D0-B8AB-835BB435D081}
	EndGlobalSection
EndGlobal
